// !$*UTF8*$!
{
	archiveVersion = 1;
	classes = {
	};
	objectVersion = 77;
	objects = {

/* Begin PBXContainerItemProxy section */
		C1B7A6E42DFFAF1D00AA25D4 /* PBXContainerItemProxy */ = {
			isa = PBXContainerItemProxy;
			containerPortal = C1B7A6CC2DFFAF1C00AA25D4 /* Project object */;
			proxyType = 1;
			remoteGlobalIDString = C1B7A6D32DFFAF1C00AA25D4;
			remoteInfo = "swift-node-like-node-RED";
		};
		C1B7A6EE2DFFAF1D00AA25D4 /* PBXContainerItemProxy */ = {
			isa = PBXContainerItemProxy;
			containerPortal = C1B7A6CC2DFFAF1C00AA25D4 /* Project object */;
			proxyType = 1;
			remoteGlobalIDString = C1B7A6D32DFFAF1C00AA25D4;
			remoteInfo = "swift-node-like-node-RED";
		};
/* End PBXContainerItemProxy section */

/* Begin PBXFileReference section */
		C1B7A6D42DFFAF1C00AA25D4 /* swift-node-like-node-RED.app */ = {isa = PBXFileReference; explicitFileType = wrapper.application; includeInIndex = 0; path = "swift-node-like-node-RED.app"; sourceTree = BUILT_PRODUCTS_DIR; };
		C1B7A6E32DFFAF1D00AA25D4 /* swift-node-like-node-REDTests.xctest */ = {isa = PBXFileReference; explicitFileType = wrapper.cfbundle; includeInIndex = 0; path = "swift-node-like-node-REDTests.xctest"; sourceTree = BUILT_PRODUCTS_DIR; };
		C1B7A6ED2DFFAF1D00AA25D4 /* swift-node-like-node-REDUITests.xctest */ = {isa = PBXFileReference; explicitFileType = wrapper.cfbundle; includeInIndex = 0; path = "swift-node-like-node-REDUITests.xctest"; sourceTree = BUILT_PRODUCTS_DIR; };
/* End PBXFileReference section */

/* Begin PBXFileSystemSynchronizedRootGroup section */
		C1B7A6D62DFFAF1C00AA25D4 /* swift-node-like-node-RED */ = {
			isa = PBXFileSystemSynchronizedRootGroup;
			path = "swift-node-like-node-RED";
			sourceTree = "<group>";
		};
		C1B7A6E62DFFAF1D00AA25D4 /* swift-node-like-node-REDTests */ = {
			isa = PBXFileSystemSynchronizedRootGroup;
			path = "swift-node-like-node-REDTests";
			sourceTree = "<group>";
		};
		C1B7A6F02DFFAF1D00AA25D4 /* swift-node-like-node-REDUITests */ = {
			isa = PBXFileSystemSynchronizedRootGroup;
			path = "swift-node-like-node-REDUITests";
			sourceTree = "<group>";
		};
/* End PBXFileSystemSynchronizedRootGroup section */

/* Begin PBXFrameworksBuildPhase section */
		C1B7A6D12DFFAF1C00AA25D4 /* Frameworks */ = {
			isa = PBXFrameworksBuildPhase;
			buildActionMask = 2147483647;
			files = (
			);
			runOnlyForDeploymentPostprocessing = 0;
		};
		C1B7A6E02DFFAF1D00AA25D4 /* Frameworks */ = {
			isa = PBXFrameworksBuildPhase;
			buildActionMask = 2147483647;
			files = (
			);
			runOnlyForDeploymentPostprocessing = 0;
		};
		C1B7A6EA2DFFAF1D00AA25D4 /* Frameworks */ = {
			isa = PBXFrameworksBuildPhase;
			buildActionMask = 2147483647;
			files = (
			);
			runOnlyForDeploymentPostprocessing = 0;
		};
/* End PBXFrameworksBuildPhase section */

/* Begin PBXGroup section */
		C1B7A6CB2DFFAF1C00AA25D4 = {
			isa = PBXGroup;
			children = (
				C1B7A6D62DFFAF1C00AA25D4 /* swift-node-like-node-RED */,
				C1B7A6E62DFFAF1D00AA25D4 /* swift-node-like-node-REDTests */,
				C1B7A6F02DFFAF1D00AA25D4 /* swift-node-like-node-REDUITests */,
				C1B7A6D52DFFAF1C00AA25D4 /* Products */,
			);
			sourceTree = "<group>";
		};
		C1B7A6D52DFFAF1C00AA25D4 /* Products */ = {
			isa = PBXGroup;
			children = (
				C1B7A6D42DFFAF1C00AA25D4 /* swift-node-like-node-RED.app */,
				C1B7A6E32DFFAF1D00AA25D4 /* swift-node-like-node-REDTests.xctest */,
				C1B7A6ED2DFFAF1D00AA25D4 /* swift-node-like-node-REDUITests.xctest */,
			);
			name = Products;
			sourceTree = "<group>";
		};
/* End PBXGroup section */

/* Begin PBXNativeTarget section */
		C1B7A6D32DFFAF1C00AA25D4 /* swift-node-like-node-RED */ = {
			isa = PBXNativeTarget;
			buildConfigurationList = C1B7A6F72DFFAF1D00AA25D4 /* Build configuration list for PBXNativeTarget "swift-node-like-node-RED" */;
			buildPhases = (
				C1B7A6D02DFFAF1C00AA25D4 /* Sources */,
				C1B7A6D12DFFAF1C00AA25D4 /* Frameworks */,
				C1B7A6D22DFFAF1C00AA25D4 /* Resources */,
			);
			buildRules = (
			);
			dependencies = (
			);
			fileSystemSynchronizedGroups = (
				C1B7A6D62DFFAF1C00AA25D4 /* swift-node-like-node-RED */,
			);
			name = "swift-node-like-node-RED";
			packageProductDependencies = (
			);
			productName = "swift-node-like-node-RED";
			productReference = C1B7A6D42DFFAF1C00AA25D4 /* swift-node-like-node-RED.app */;
			productType = "com.apple.product-type.application";
		};
		C1B7A6E22DFFAF1D00AA25D4 /* swift-node-like-node-REDTests */ = {
			isa = PBXNativeTarget;
			buildConfigurationList = C1B7A6FA2DFFAF1D00AA25D4 /* Build configuration list for PBXNativeTarget "swift-node-like-node-REDTests" */;
			buildPhases = (
				C1B7A6DF2DFFAF1D00AA25D4 /* Sources */,
				C1B7A6E02DFFAF1D00AA25D4 /* Frameworks */,
				C1B7A6E12DFFAF1D00AA25D4 /* Resources */,
			);
			buildRules = (
			);
			dependencies = (
				C1B7A6E52DFFAF1D00AA25D4 /* PBXTargetDependency */,
			);
			fileSystemSynchronizedGroups = (
				C1B7A6E62DFFAF1D00AA25D4 /* swift-node-like-node-REDTests */,
			);
			name = "swift-node-like-node-REDTests";
			packageProductDependencies = (
			);
			productName = "swift-node-like-node-REDTests";
			productReference = C1B7A6E32DFFAF1D00AA25D4 /* swift-node-like-node-REDTests.xctest */;
			productType = "com.apple.product-type.bundle.unit-test";
		};
		C1B7A6EC2DFFAF1D00AA25D4 /* swift-node-like-node-REDUITests */ = {
			isa = PBXNativeTarget;
			buildConfigurationList = C1B7A6FD2DFFAF1D00AA25D4 /* Build configuration list for PBXNativeTarget "swift-node-like-node-REDUITests" */;
			buildPhases = (
				C1B7A6E92DFFAF1D00AA25D4 /* Sources */,
				C1B7A6EA2DFFAF1D00AA25D4 /* Frameworks */,
				C1B7A6EB2DFFAF1D00AA25D4 /* Resources */,
			);
			buildRules = (
			);
			dependencies = (
				C1B7A6EF2DFFAF1D00AA25D4 /* PBXTargetDependency */,
			);
			fileSystemSynchronizedGroups = (
				C1B7A6F02DFFAF1D00AA25D4 /* swift-node-like-node-REDUITests */,
			);
			name = "swift-node-like-node-REDUITests";
			packageProductDependencies = (
			);
			productName = "swift-node-like-node-REDUITests";
			productReference = C1B7A6ED2DFFAF1D00AA25D4 /* swift-node-like-node-REDUITests.xctest */;
			productType = "com.apple.product-type.bundle.ui-testing";
		};
/* End PBXNativeTarget section */

/* Begin PBXProject section */
		C1B7A6CC2DFFAF1C00AA25D4 /* Project object */ = {
			isa = PBXProject;
			attributes = {
				BuildIndependentTargetsInParallel = 1;
				LastSwiftUpdateCheck = 1640;
				LastUpgradeCheck = 1640;
				TargetAttributes = {
					C1B7A6D32DFFAF1C00AA25D4 = {
						CreatedOnToolsVersion = 16.4;
					};
					C1B7A6E22DFFAF1D00AA25D4 = {
						CreatedOnToolsVersion = 16.4;
						TestTargetID = C1B7A6D32DFFAF1C00AA25D4;
					};
					C1B7A6EC2DFFAF1D00AA25D4 = {
						CreatedOnToolsVersion = 16.4;
						TestTargetID = C1B7A6D32DFFAF1C00AA25D4;
					};
				};
			};
			buildConfigurationList = C1B7A6CF2DFFAF1C00AA25D4 /* Build configuration list for PBXProject "swift-node-like-node-RED" */;
			developmentRegion = en;
			hasScannedForEncodings = 0;
			knownRegions = (
				en,
				Base,
			);
			mainGroup = C1B7A6CB2DFFAF1C00AA25D4;
			minimizedProjectReferenceProxies = 1;
			preferredProjectObjectVersion = 77;
			productRefGroup = C1B7A6D52DFFAF1C00AA25D4 /* Products */;
			projectDirPath = "";
			projectRoot = "";
			targets = (
				C1B7A6D32DFFAF1C00AA25D4 /* swift-node-like-node-RED */,
				C1B7A6E22DFFAF1D00AA25D4 /* swift-node-like-node-REDTests */,
				C1B7A6EC2DFFAF1D00AA25D4 /* swift-node-like-node-REDUITests */,
			);
		};
/* End PBXProject section */

/* Begin PBXResourcesBuildPhase section */
		C1B7A6D22DFFAF1C00AA25D4 /* Resources */ = {
			isa = PBXResourcesBuildPhase;
			buildActionMask = 2147483647;
			files = (
			);
			runOnlyForDeploymentPostprocessing = 0;
		};
		C1B7A6E12DFFAF1D00AA25D4 /* Resources */ = {
			isa = PBXResourcesBuildPhase;
			buildActionMask = 2147483647;
			files = (
			);
			runOnlyForDeploymentPostprocessing = 0;
		};
		C1B7A6EB2DFFAF1D00AA25D4 /* Resources */ = {
			isa = PBXResourcesBuildPhase;
			buildActionMask = 2147483647;
			files = (
			);
			runOnlyForDeploymentPostprocessing = 0;
		};
/* End PBXResourcesBuildPhase section */

/* Begin PBXSourcesBuildPhase section */
		C1B7A6D02DFFAF1C00AA25D4 /* Sources */ = {
			isa = PBXSourcesBuildPhase;
			buildActionMask = 2147483647;
			files = (
			);
			runOnlyForDeploymentPostprocessing = 0;
		};
		C1B7A6DF2DFFAF1D00AA25D4 /* Sources */ = {
			isa = PBXSourcesBuildPhase;
			buildActionMask = 2147483647;
			files = (
			);
			runOnlyForDeploymentPostprocessing = 0;
		};
		C1B7A6E92DFFAF1D00AA25D4 /* Sources */ = {
			isa = PBXSourcesBuildPhase;
			buildActionMask = 2147483647;
			files = (
			);
			runOnlyForDeploymentPostprocessing = 0;
		};
/* End PBXSourcesBuildPhase section */

/* Begin PBXTargetDependency section */
		C1B7A6E52DFFAF1D00AA25D4 /* PBXTargetDependency */ = {
			isa = PBXTargetDependency;
			target = C1B7A6D32DFFAF1C00AA25D4 /* swift-node-like-node-RED */;
			targetProxy = C1B7A6E42DFFAF1D00AA25D4 /* PBXContainerItemProxy */;
		};
		C1B7A6EF2DFFAF1D00AA25D4 /* PBXTargetDependency */ = {
			isa = PBXTargetDependency;
			target = C1B7A6D32DFFAF1C00AA25D4 /* swift-node-like-node-RED */;
			targetProxy = C1B7A6EE2DFFAF1D00AA25D4 /* PBXContainerItemProxy */;
		};
/* End PBXTargetDependency section */

/* Begin XCBuildConfiguration section */
		C1B7A6F52DFFAF1D00AA25D4 /* Debug */ = {
			isa = XCBuildConfiguration;
			buildSettings = {
				ALWAYS_SEARCH_USER_PATHS = NO;
				ASSETCATALOG_COMPILER_GENERATE_SWIFT_ASSET_SYMBOL_EXTENSIONS = YES;
				CLANG_ANALYZER_NONNULL = YES;
				CLANG_ANALYZER_NUMBER_OBJECT_CONVERSION = YES_AGGRESSIVE;
				CLANG_CXX_LANGUAGE_STANDARD = "gnu++20";
				CLANG_ENABLE_MODULES = YES;
				CLANG_ENABLE_OBJC_ARC = YES;
				CLANG_ENABLE_OBJC_WEAK = YES;
				CLANG_WARN_BLOCK_CAPTURE_AUTORELEASING = YES;
				CLANG_WARN_BOOL_CONVERSION = YES;
				CLANG_WARN_COMMA = YES;
				CLANG_WARN_CONSTANT_CONVERSION = YES;
				CLANG_WARN_DEPRECATED_OBJC_IMPLEMENTATIONS = YES;
				CLANG_WARN_DIRECT_OBJC_ISA_USAGE = YES_ERROR;
				CLANG_WARN_DOCUMENTATION_COMMENTS = YES;
				CLANG_WARN_EMPTY_BODY = YES;
				CLANG_WARN_ENUM_CONVERSION = YES;
				CLANG_WARN_INFINITE_RECURSION = YES;
				CLANG_WARN_INT_CONVERSION = YES;
				CLANG_WARN_NON_LITERAL_NULL_CONVERSION = YES;
				CLANG_WARN_OBJC_IMPLICIT_RETAIN_SELF = YES;
				CLANG_WARN_OBJC_LITERAL_CONVERSION = YES;
				CLANG_WARN_OBJC_ROOT_CLASS = YES_ERROR;
				CLANG_WARN_QUOTED_INCLUDE_IN_FRAMEWORK_HEADER = YES;
				CLANG_WARN_RANGE_LOOP_ANALYSIS = YES;
				CLANG_WARN_STRICT_PROTOTYPES = YES;
				CLANG_WARN_SUSPICIOUS_MOVE = YES;
				CLANG_WARN_UNGUARDED_AVAILABILITY = YES_AGGRESSIVE;
				CLANG_WARN_UNREACHABLE_CODE = YES;
				CLANG_WARN__DUPLICATE_METHOD_MATCH = YES;
				COPY_PHASE_STRIP = NO;
				DEBUG_INFORMATION_FORMAT = dwarf;
				DEVELOPMENT_TEAM = JSGGNXCXA4;
				ENABLE_STRICT_OBJC_MSGSEND = YES;
				ENABLE_TESTABILITY = YES;
				ENABLE_USER_SCRIPT_SANDBOXING = YES;
				GCC_C_LANGUAGE_STANDARD = gnu17;
				GCC_DYNAMIC_NO_PIC = NO;
				GCC_NO_COMMON_BLOCKS = YES;
				GCC_OPTIMIZATION_LEVEL = 0;
				GCC_PREPROCESSOR_DEFINITIONS = (
					"DEBUG=1",
					"$(inherited)",
				);
				GCC_WARN_64_TO_32_BIT_CONVERSION = YES;
				GCC_WARN_ABOUT_RETURN_TYPE = YES_ERROR;
				GCC_WARN_UNDECLARED_SELECTOR = YES;
				GCC_WARN_UNINITIALIZED_AUTOS = YES_AGGRESSIVE;
				GCC_WARN_UNUSED_FUNCTION = YES;
				GCC_WARN_UNUSED_VARIABLE = YES;
				IPHONEOS_DEPLOYMENT_TARGET = 18.5;
				LOCALIZATION_PREFERS_STRING_CATALOGS = YES;
				MTL_ENABLE_DEBUG_INFO = INCLUDE_SOURCE;
				MTL_FAST_MATH = YES;
				ONLY_ACTIVE_ARCH = YES;
				SDKROOT = iphoneos;
				SWIFT_ACTIVE_COMPILATION_CONDITIONS = "DEBUG $(inherited)";
				SWIFT_OPTIMIZATION_LEVEL = "-Onone";
			};
			name = Debug;
		};
		C1B7A6F62DFFAF1D00AA25D4 /* Release */ = {
			isa = XCBuildConfiguration;
			buildSettings = {
				ALWAYS_SEARCH_USER_PATHS = NO;
				ASSETCATALOG_COMPILER_GENERATE_SWIFT_ASSET_SYMBOL_EXTENSIONS = YES;
				CLANG_ANALYZER_NONNULL = YES;
				CLANG_ANALYZER_NUMBER_OBJECT_CONVERSION = YES_AGGRESSIVE;
				CLANG_CXX_LANGUAGE_STANDARD = "gnu++20";
				CLANG_ENABLE_MODULES = YES;
				CLANG_ENABLE_OBJC_ARC = YES;
				CLANG_ENABLE_OBJC_WEAK = YES;
				CLANG_WARN_BLOCK_CAPTURE_AUTORELEASING = YES;
				CLANG_WARN_BOOL_CONVERSION = YES;
				CLANG_WARN_COMMA = YES;
				CLANG_WARN_CONSTANT_CONVERSION = YES;
				CLANG_WARN_DEPRECATED_OBJC_IMPLEMENTATIONS = YES;
				CLANG_WARN_DIRECT_OBJC_ISA_USAGE = YES_ERROR;
				CLANG_WARN_DOCUMENTATION_COMMENTS = YES;
				CLANG_WARN_EMPTY_BODY = YES;
				CLANG_WARN_ENUM_CONVERSION = YES;
				CLANG_WARN_INFINITE_RECURSION = YES;
				CLANG_WARN_INT_CONVERSION = YES;
				CLANG_WARN_NON_LITERAL_NULL_CONVERSION = YES;
				CLANG_WARN_OBJC_IMPLICIT_RETAIN_SELF = YES;
				CLANG_WARN_OBJC_LITERAL_CONVERSION = YES;
				CLANG_WARN_OBJC_ROOT_CLASS = YES_ERROR;
				CLANG_WARN_QUOTED_INCLUDE_IN_FRAMEWORK_HEADER = YES;
				CLANG_WARN_RANGE_LOOP_ANALYSIS = YES;
				CLANG_WARN_STRICT_PROTOTYPES = YES;
				CLANG_WARN_SUSPICIOUS_MOVE = YES;
				CLANG_WARN_UNGUARDED_AVAILABILITY = YES_AGGRESSIVE;
				CLANG_WARN_UNREACHABLE_CODE = YES;
				CLANG_WARN__DUPLICATE_METHOD_MATCH = YES;
				COPY_PHASE_STRIP = NO;
				DEBUG_INFORMATION_FORMAT = "dwarf-with-dsym";
				DEVELOPMENT_TEAM = JSGGNXCXA4;
				ENABLE_NS_ASSERTIONS = NO;
				ENABLE_STRICT_OBJC_MSGSEND = YES;
				ENABLE_USER_SCRIPT_SANDBOXING = YES;
				GCC_C_LANGUAGE_STANDARD = gnu17;
				GCC_NO_COMMON_BLOCKS = YES;
				GCC_WARN_64_TO_32_BIT_CONVERSION = YES;
				GCC_WARN_ABOUT_RETURN_TYPE = YES_ERROR;
				GCC_WARN_UNDECLARED_SELECTOR = YES;
				GCC_WARN_UNINITIALIZED_AUTOS = YES_AGGRESSIVE;
				GCC_WARN_UNUSED_FUNCTION = YES;
				GCC_WARN_UNUSED_VARIABLE = YES;
				IPHONEOS_DEPLOYMENT_TARGET = 18.5;
				LOCALIZATION_PREFERS_STRING_CATALOGS = YES;
				MTL_ENABLE_DEBUG_INFO = NO;
				MTL_FAST_MATH = YES;
				SDKROOT = iphoneos;
				SWIFT_COMPILATION_MODE = wholemodule;
				VALIDATE_PRODUCT = YES;
			};
			name = Release;
		};
		C1B7A6F82DFFAF1D00AA25D4 /* Debug */ = {
			isa = XCBuildConfiguration;
			buildSettings = {
				ASSETCATALOG_COMPILER_APPICON_NAME = AppIcon;
				ASSETCATALOG_COMPILER_GLOBAL_ACCENT_COLOR_NAME = AccentColor;
				CODE_SIGN_STYLE = Automatic;
				CURRENT_PROJECT_VERSION = 1;
				DEVELOPMENT_TEAM = JSGGNXCXA4;
				ENABLE_PREVIEWS = YES;
				GENERATE_INFOPLIST_FILE = YES;
				INFOPLIST_KEY_UIApplicationSceneManifest_Generation = YES;
				INFOPLIST_KEY_UIApplicationSupportsIndirectInputEvents = YES;
				INFOPLIST_KEY_UILaunchScreen_Generation = YES;
				INFOPLIST_KEY_UISupportedInterfaceOrientations_iPad = "UIInterfaceOrientationPortrait UIInterfaceOrientationPortraitUpsideDown UIInterfaceOrientationLandscapeLeft UIInterfaceOrientationLandscapeRight";
				INFOPLIST_KEY_UISupportedInterfaceOrientations_iPhone = "UIInterfaceOrientationPortrait UIInterfaceOrientationLandscapeLeft UIInterfaceOrientationLandscapeRight";
				LD_RUNPATH_SEARCH_PATHS = (
					"$(inherited)",
					"@executable_path/Frameworks",
				);
				MARKETING_VERSION = 1.0;
				PRODUCT_BUNDLE_IDENTIFIER = "jp.ac.aitech.swift-node-like-node-RED";
				PRODUCT_NAME = "$(TARGET_NAME)";
				SWIFT_EMIT_LOC_STRINGS = YES;
				SWIFT_VERSION = 5.0;
				TARGETED_DEVICE_FAMILY = "1,2";
			};
			name = Debug;
		};
		C1B7A6F92DFFAF1D00AA25D4 /* Release */ = {
			isa = XCBuildConfiguration;
			buildSettings = {
				ASSETCATALOG_COMPILER_APPICON_NAME = AppIcon;
				ASSETCATALOG_COMPILER_GLOBAL_ACCENT_COLOR_NAME = AccentColor;
				CODE_SIGN_STYLE = Automatic;
				CURRENT_PROJECT_VERSION = 1;
				DEVELOPMENT_TEAM = JSGGNXCXA4;
				ENABLE_PREVIEWS = YES;
				GENERATE_INFOPLIST_FILE = YES;
				INFOPLIST_KEY_UIApplicationSceneManifest_Generation = YES;
				INFOPLIST_KEY_UIApplicationSupportsIndirectInputEvents = YES;
				INFOPLIST_KEY_UILaunchScreen_Generation = YES;
				INFOPLIST_KEY_UISupportedInterfaceOrientations_iPad = "UIInterfaceOrientationPortrait UIInterfaceOrientationPortraitUpsideDown UIInterfaceOrientationLandscapeLeft UIInterfaceOrientationLandscapeRight";
				INFOPLIST_KEY_UISupportedInterfaceOrientations_iPhone = "UIInterfaceOrientationPortrait UIInterfaceOrientationLandscapeLeft UIInterfaceOrientationLandscapeRight";
				LD_RUNPATH_SEARCH_PATHS = (
					"$(inherited)",
					"@executable_path/Frameworks",
				);
				MARKETING_VERSION = 1.0;
				PRODUCT_BUNDLE_IDENTIFIER = "jp.ac.aitech.swift-node-like-node-RED";
				PRODUCT_NAME = "$(TARGET_NAME)";
				SWIFT_EMIT_LOC_STRINGS = YES;
				SWIFT_VERSION = 5.0;
				TARGETED_DEVICE_FAMILY = "1,2";
			};
			name = Release;
		};
		C1B7A6FB2DFFAF1D00AA25D4 /* Debug */ = {
			isa = XCBuildConfiguration;
			buildSettings = {
				BUNDLE_LOADER = "$(TEST_HOST)";
				CODE_SIGN_STYLE = Automatic;
				CURRENT_PROJECT_VERSION = 1;
				DEVELOPMENT_TEAM = JSGGNXCXA4;
				GENERATE_INFOPLIST_FILE = YES;
				IPHONEOS_DEPLOYMENT_TARGET = 18.5;
				MARKETING_VERSION = 1.0;
				PRODUCT_BUNDLE_IDENTIFIER = "jp.ac.aitech.swift-node-like-node-REDTests";
				PRODUCT_NAME = "$(TARGET_NAME)";
				SWIFT_EMIT_LOC_STRINGS = NO;
				SWIFT_VERSION = 5.0;
				TARGETED_DEVICE_FAMILY = "1,2";
				TEST_HOST = "$(BUILT_PRODUCTS_DIR)/swift-node-like-node-RED.app/$(BUNDLE_EXECUTABLE_FOLDER_PATH)/swift-node-like-node-RED";
			};
			name = Debug;
		};
		C1B7A6FC2DFFAF1D00AA25D4 /* Release */ = {
			isa = XCBuildConfiguration;
			buildSettings = {
				BUNDLE_LOADER = "$(TEST_HOST)";
				CODE_SIGN_STYLE = Automatic;
				CURRENT_PROJECT_VERSION = 1;
				DEVELOPMENT_TEAM = JSGGNXCXA4;
				GENERATE_INFOPLIST_FILE = YES;
				IPHONEOS_DEPLOYMENT_TARGET = 18.5;
				MARKETING_VERSION = 1.0;
				PRODUCT_BUNDLE_IDENTIFIER = "jp.ac.aitech.swift-node-like-node-REDTests";
				PRODUCT_NAME = "$(TARGET_NAME)";
				SWIFT_EMIT_LOC_STRINGS = NO;
				SWIFT_VERSION = 5.0;
				TARGETED_DEVICE_FAMILY = "1,2";
				TEST_HOST = "$(BUILT_PRODUCTS_DIR)/swift-node-like-node-RED.app/$(BUNDLE_EXECUTABLE_FOLDER_PATH)/swift-node-like-node-RED";
			};
			name = Release;
		};
		C1B7A6FE2DFFAF1D00AA25D4 /* Debug */ = {
			isa = XCBuildConfiguration;
			buildSettings = {
				CODE_SIGN_STYLE = Automatic;
				CURRENT_PROJECT_VERSION = 1;
				DEVELOPMENT_TEAM = JSGGNXCXA4;
				GENERATE_INFOPLIST_FILE = YES;
				MARKETING_VERSION = 1.0;
				PRODUCT_BUNDLE_IDENTIFIER = "jp.ac.aitech.swift-node-like-node-REDUITests";
				PRODUCT_NAME = "$(TARGET_NAME)";
				SWIFT_EMIT_LOC_STRINGS = NO;
				SWIFT_VERSION = 5.0;
				TARGETED_DEVICE_FAMILY = "1,2";
				TEST_TARGET_NAME = "swift-node-like-node-RED";
			};
			name = Debug;
		};
		C1B7A6FF2DFFAF1D00AA25D4 /* Release */ = {
			isa = XCBuildConfiguration;
			buildSettings = {
				CODE_SIGN_STYLE = Automatic;
				CURRENT_PROJECT_VERSION = 1;
				DEVELOPMENT_TEAM = JSGGNXCXA4;
				GENERATE_INFOPLIST_FILE = YES;
				MARKETING_VERSION = 1.0;
				PRODUCT_BUNDLE_IDENTIFIER = "jp.ac.aitech.swift-node-like-node-REDUITests";
				PRODUCT_NAME = "$(TARGET_NAME)";
				SWIFT_EMIT_LOC_STRINGS = NO;
				SWIFT_VERSION = 5.0;
				TARGETED_DEVICE_FAMILY = "1,2";
				TEST_TARGET_NAME = "swift-node-like-node-RED";
			};
			name = Release;
		};
/* End XCBuildConfiguration section */

/* Begin XCConfigurationList section */
		C1B7A6CF2DFFAF1C00AA25D4 /* Build configuration list for PBXProject "swift-node-like-node-RED" */ = {
			isa = XCConfigurationList;
			buildConfigurations = (
				C1B7A6F52DFFAF1D00AA25D4 /* Debug */,
				C1B7A6F62DFFAF1D00AA25D4 /* Release */,
			);
			defaultConfigurationIsVisible = 0;
			defaultConfigurationName = Release;
		};
		C1B7A6F72DFFAF1D00AA25D4 /* Build configuration list for PBXNativeTarget "swift-node-like-node-RED" */ = {
			isa = XCConfigurationList;
			buildConfigurations = (
				C1B7A6F82DFFAF1D00AA25D4 /* Debug */,
				C1B7A6F92DFFAF1D00AA25D4 /* Release */,
			);
			defaultConfigurationIsVisible = 0;
			defaultConfigurationName = Release;
		};
		C1B7A6FA2DFFAF1D00AA25D4 /* Build configuration list for PBXNativeTarget "swift-node-like-node-REDTests" */ = {
			isa = XCConfigurationList;
			buildConfigurations = (
				C1B7A6FB2DFFAF1D00AA25D4 /* Debug */,
				C1B7A6FC2DFFAF1D00AA25D4 /* Release */,
			);
			defaultConfigurationIsVisible = 0;
			defaultConfigurationName = Release;
		};
		C1B7A6FD2DFFAF1D00AA25D4 /* Build configuration list for PBXNativeTarget "swift-node-like-node-REDUITests" */ = {
			isa = XCConfigurationList;
			buildConfigurations = (
				C1B7A6FE2DFFAF1D00AA25D4 /* Debug */,
				C1B7A6FF2DFFAF1D00AA25D4 /* Release */,
			);
			defaultConfigurationIsVisible = 0;
			defaultConfigurationName = Release;
		};
/* End XCConfigurationList section */
	};
	rootObject = C1B7A6CC2DFFAF1C00AA25D4 /* Project object */;
}
